
Microsoft Visual Studio Solution File, Format Version 12.00
# Visual Studio Version 16
VisualStudioVersion = 16.0.30413.136
MinimumVisualStudioVersion = 10.0.40219.1
Project("{FAE04EC0-301F-11D3-BF4B-00C04F79EFBC}") = "MatrixFormatter.Android", "MatrixFormatter\MatrixFormatter.Android\MatrixFormatter.Android.csproj", "{6996763D-19EA-4C7C-B8C0-773BA853D6B0}"
EndProject
Project("{FAE04EC0-301F-11D3-BF4B-00C04F79EFBC}") = "MatrixFormatter.iOS", "MatrixFormatter\MatrixFormatter.iOS\MatrixFormatter.iOS.csproj", "{0CA88AA6-1FEC-4D34-AD7B-A6C30E2A374D}"
EndProject
Project("{9A19103F-16F7-4668-BE54-9A1E7A4F7556}") = "MatrixFormatter", "MatrixFormatter\MatrixFormatter\MatrixFormatter.csproj", "{514D936E-A79C-4B09-A6A2-DD75D761BF2B}"
EndProject
Project("{FAE04EC0-301F-11D3-BF4B-00C04F79EFBC}") = "MatrixFormatter.UWP", "MatrixFormatter\MatrixFormatter.UWP\MatrixFormatter.UWP.csproj", "{C6B9F70C-AE48-453A-AC17-70F1B7648E14}"
EndProject
Global
	GlobalSection(SolutionConfigurationPlatforms) = preSolution
		Debug|Any CPU = Debug|Any CPU
		Debug|ARM = Debug|ARM
		Debug|ARM64 = Debug|ARM64
		Debug|iPhone = Debug|iPhone
		Debug|iPhoneSimulator = Debug|iPhoneSimulator
		Debug|x64 = Debug|x64
		Debug|x86 = Debug|x86
		Release|Any CPU = Release|Any CPU
		Release|ARM = Release|ARM
		Release|ARM64 = Release|ARM64
		Release|iPhone = Release|iPhone
		Release|iPhoneSimulator = Release|iPhoneSimulator
		Release|x64 = Release|x64
		Release|x86 = Release|x86
	EndGlobalSection
	GlobalSection(ProjectConfigurationPlatforms) = postSolution
		{6996763D-19EA-4C7C-B8C0-773BA853D6B0}.Debug|Any CPU.ActiveCfg = Debug|Any CPU
		{6996763D-19EA-4C7C-B8C0-773BA853D6B0}.Debug|Any CPU.Build.0 = Debug|Any CPU
		{6996763D-19EA-4C7C-B8C0-773BA853D6B0}.Debug|Any CPU.Deploy.0 = Debug|Any CPU
		{6996763D-19EA-4C7C-B8C0-773BA853D6B0}.Debug|ARM.ActiveCfg = Debug|Any CPU
		{6996763D-19EA-4C7C-B8C0-773BA853D6B0}.Debug|ARM64.ActiveCfg = Debug|Any CPU
		{6996763D-19EA-4C7C-B8C0-773BA853D6B0}.Debug|iPhone.ActiveCfg = Debug|Any CPU
		{6996763D-19EA-4C7C-B8C0-773BA853D6B0}.Debug|iPhone.Build.0 = Debug|Any CPU
		{6996763D-19EA-4C7C-B8C0-773BA853D6B0}.Debug|iPhone.Deploy.0 = Debug|Any CPU
		{6996763D-19EA-4C7C-B8C0-773BA853D6B0}.Debug|iPhoneSimulator.ActiveCfg = Debug|Any CPU
		{6996763D-19EA-4C7C-B8C0-773BA853D6B0}.Debug|iPhoneSimulator.Build.0 = Debug|Any CPU
		{6996763D-19EA-4C7C-B8C0-773BA853D6B0}.Debug|iPhoneSimulator.Deploy.0 = Debug|Any CPU
		{6996763D-19EA-4C7C-B8C0-773BA853D6B0}.Debug|x64.ActiveCfg = Debug|Any CPU
		{6996763D-19EA-4C7C-B8C0-773BA853D6B0}.Debug|x86.ActiveCfg = Debug|Any CPU
		{6996763D-19EA-4C7C-B8C0-773BA853D6B0}.Release|Any CPU.ActiveCfg = Release|Any CPU
		{6996763D-19EA-4C7C-B8C0-773BA853D6B0}.Release|Any CPU.Build.0 = Release|Any CPU
		{6996763D-19EA-4C7C-B8C0-773BA853D6B0}.Release|Any CPU.Deploy.0 = Release|Any CPU
		{6996763D-19EA-4C7C-B8C0-773BA853D6B0}.Release|ARM.ActiveCfg = Release|Any CPU
		{6996763D-19EA-4C7C-B8C0-773BA853D6B0}.Release|ARM64.ActiveCfg = Release|Any CPU
		{6996763D-19EA-4C7C-B8C0-773BA853D6B0}.Release|iPhone.ActiveCfg = Release|Any CPU
		{6996763D-19EA-4C7C-B8C0-773BA853D6B0}.Release|iPhone.Build.0 = Release|Any CPU
		{6996763D-19EA-4C7C-B8C0-773BA853D6B0}.Release|iPhone.Deploy.0 = Release|Any CPU
		{6996763D-19EA-4C7C-B8C0-773BA853D6B0}.Release|iPhoneSimulator.ActiveCfg = Release|Any CPU
		{6996763D-19EA-4C7C-B8C0-773BA853D6B0}.Release|iPhoneSimulator.Build.0 = Release|Any CPU
		{6996763D-19EA-4C7C-B8C0-773BA853D6B0}.Release|iPhoneSimulator.Deploy.0 = Release|Any CPU
		{6996763D-19EA-4C7C-B8C0-773BA853D6B0}.Release|x64.ActiveCfg = Release|Any CPU
		{6996763D-19EA-4C7C-B8C0-773BA853D6B0}.Release|x86.ActiveCfg = Release|Any CPU
		{0CA88AA6-1FEC-4D34-AD7B-A6C30E2A374D}.Debug|Any CPU.ActiveCfg = Debug|iPhone
		{0CA88AA6-1FEC-4D34-AD7B-A6C30E2A374D}.Debug|Any CPU.Build.0 = Debug|iPhone
		{0CA88AA6-1FEC-4D34-AD7B-A6C30E2A374D}.Debug|Any CPU.Deploy.0 = Debug|iPhone
		{0CA88AA6-1FEC-4D34-AD7B-A6C30E2A374D}.Debug|ARM.ActiveCfg = Debug|iPhoneSimulator
		{0CA88AA6-1FEC-4D34-AD7B-A6C30E2A374D}.Debug|ARM64.ActiveCfg = Debug|iPhoneSimulator
		{0CA88AA6-1FEC-4D34-AD7B-A6C30E2A374D}.Debug|iPhone.ActiveCfg = Debug|iPhone
		{0CA88AA6-1FEC-4D34-AD7B-A6C30E2A374D}.Debug|iPhone.Build.0 = Debug|iPhone
		{0CA88AA6-1FEC-4D34-AD7B-A6C30E2A374D}.Debug|iPhone.Deploy.0 = Debug|iPhone
		{0CA88AA6-1FEC-4D34-AD7B-A6C30E2A374D}.Debug|iPhoneSimulator.ActiveCfg = Debug|iPhoneSimulator
		{0CA88AA6-1FEC-4D34-AD7B-A6C30E2A374D}.Debug|iPhoneSimulator.Build.0 = Debug|iPhoneSimulator
		{0CA88AA6-1FEC-4D34-AD7B-A6C30E2A374D}.Debug|iPhoneSimulator.Deploy.0 = Debug|iPhoneSimulator
		{0CA88AA6-1FEC-4D34-AD7B-A6C30E2A374D}.Debug|x64.ActiveCfg = Debug|iPhoneSimulator
		{0CA88AA6-1FEC-4D34-AD7B-A6C30E2A374D}.Debug|x86.ActiveCfg = Debug|iPhoneSimulator
		{0CA88AA6-1FEC-4D34-AD7B-A6C30E2A374D}.Release|Any CPU.ActiveCfg = Release|iPhone
		{0CA88AA6-1FEC-4D34-AD7B-A6C30E2A374D}.Release|Any CPU.Build.0 = Release|iPhone
		{0CA88AA6-1FEC-4D34-AD7B-A6C30E2A374D}.Release|Any CPU.Deploy.0 = Release|iPhone
		{0CA88AA6-1FEC-4D34-AD7B-A6C30E2A374D}.Release|ARM.ActiveCfg = Release|iPhoneSimulator
		{0CA88AA6-1FEC-4D34-AD7B-A6C30E2A374D}.Release|ARM64.ActiveCfg = Release|iPhoneSimulator
		{0CA88AA6-1FEC-4D34-AD7B-A6C30E2A374D}.Release|iPhone.ActiveCfg = Release|iPhone
		{0CA88AA6-1FEC-4D34-AD7B-A6C30E2A374D}.Release|iPhone.Build.0 = Release|iPhone
		{0CA88AA6-1FEC-4D34-AD7B-A6C30E2A374D}.Release|iPhone.Deploy.0 = Release|iPhone
		{0CA88AA6-1FEC-4D34-AD7B-A6C30E2A374D}.Release|iPhoneSimulator.ActiveCfg = Release|iPhoneSimulator
		{0CA88AA6-1FEC-4D34-AD7B-A6C30E2A374D}.Release|iPhoneSimulator.Build.0 = Release|iPhoneSimulator
		{0CA88AA6-1FEC-4D34-AD7B-A6C30E2A374D}.Release|iPhoneSimulator.Deploy.0 = Release|iPhoneSimulator
		{0CA88AA6-1FEC-4D34-AD7B-A6C30E2A374D}.Release|x64.ActiveCfg = Release|iPhoneSimulator
		{0CA88AA6-1FEC-4D34-AD7B-A6C30E2A374D}.Release|x86.ActiveCfg = Release|iPhoneSimulator
		{514D936E-A79C-4B09-A6A2-DD75D761BF2B}.Debug|Any CPU.ActiveCfg = Debug|Any CPU
		{514D936E-A79C-4B09-A6A2-DD75D761BF2B}.Debug|Any CPU.Build.0 = Debug|Any CPU
		{514D936E-A79C-4B09-A6A2-DD75D761BF2B}.Debug|Any CPU.Deploy.0 = Debug|Any CPU
		{514D936E-A79C-4B09-A6A2-DD75D761BF2B}.Debug|ARM.ActiveCfg = Debug|Any CPU
		{514D936E-A79C-4B09-A6A2-DD75D761BF2B}.Debug|ARM.Build.0 = Debug|Any CPU
		{514D936E-A79C-4B09-A6A2-DD75D761BF2B}.Debug|ARM64.ActiveCfg = Debug|Any CPU
		{514D936E-A79C-4B09-A6A2-DD75D761BF2B}.Debug|ARM64.Build.0 = Debug|Any CPU
		{514D936E-A79C-4B09-A6A2-DD75D761BF2B}.Debug|iPhone.ActiveCfg = Debug|Any CPU
		{514D936E-A79C-4B09-A6A2-DD75D761BF2B}.Debug|iPhone.Build.0 = Debug|Any CPU
		{514D936E-A79C-4B09-A6A2-DD75D761BF2B}.Debug|iPhone.Deploy.0 = Debug|Any CPU
		{514D936E-A79C-4B09-A6A2-DD75D761BF2B}.Debug|iPhoneSimulator.ActiveCfg = Debug|Any CPU
		{514D936E-A79C-4B09-A6A2-DD75D761BF2B}.Debug|iPhoneSimulator.Build.0 = Debug|Any CPU
		{514D936E-A79C-4B09-A6A2-DD75D761BF2B}.Debug|iPhoneSimulator.Deploy.0 = Debug|Any CPU
		{514D936E-A79C-4B09-A6A2-DD75D761BF2B}.Debug|x64.ActiveCfg = Debug|Any CPU
		{514D936E-A79C-4B09-A6A2-DD75D761BF2B}.Debug|x64.Build.0 = Debug|Any CPU
		{514D936E-A79C-4B09-A6A2-DD75D761BF2B}.Debug|x86.ActiveCfg = Debug|Any CPU
		{514D936E-A79C-4B09-A6A2-DD75D761BF2B}.Debug|x86.Build.0 = Debug|Any CPU
		{514D936E-A79C-4B09-A6A2-DD75D761BF2B}.Release|Any CPU.ActiveCfg = Release|Any CPU
		{514D936E-A79C-4B09-A6A2-DD75D761BF2B}.Release|Any CPU.Build.0 = Release|Any CPU
		{514D936E-A79C-4B09-A6A2-DD75D761BF2B}.Release|Any CPU.Deploy.0 = Release|Any CPU
		{514D936E-A79C-4B09-A6A2-DD75D761BF2B}.Release|ARM.ActiveCfg = Release|Any CPU
		{514D936E-A79C-4B09-A6A2-DD75D761BF2B}.Release|ARM.Build.0 = Release|Any CPU
		{514D936E-A79C-4B09-A6A2-DD75D761BF2B}.Release|ARM64.ActiveCfg = Release|Any CPU
		{514D936E-A79C-4B09-A6A2-DD75D761BF2B}.Release|ARM64.Build.0 = Release|Any CPU
		{514D936E-A79C-4B09-A6A2-DD75D761BF2B}.Release|iPhone.ActiveCfg = Release|Any CPU
		{514D936E-A79C-4B09-A6A2-DD75D761BF2B}.Release|iPhone.Build.0 = Release|Any CPU
		{514D936E-A79C-4B09-A6A2-DD75D761BF2B}.Release|iPhone.Deploy.0 = Release|Any CPU
		{514D936E-A79C-4B09-A6A2-DD75D761BF2B}.Release|iPhoneSimulator.ActiveCfg = Release|Any CPU
		{514D936E-A79C-4B09-A6A2-DD75D761BF2B}.Release|iPhoneSimulator.Build.0 = Release|Any CPU
		{514D936E-A79C-4B09-A6A2-DD75D761BF2B}.Release|iPhoneSimulator.Deploy.0 = Release|Any CPU
		{514D936E-A79C-4B09-A6A2-DD75D761BF2B}.Release|x64.ActiveCfg = Release|Any CPU
		{514D936E-A79C-4B09-A6A2-DD75D761BF2B}.Release|x64.Build.0 = Release|Any CPU
		{514D936E-A79C-4B09-A6A2-DD75D761BF2B}.Release|x86.ActiveCfg = Release|Any CPU
		{514D936E-A79C-4B09-A6A2-DD75D761BF2B}.Release|x86.Build.0 = Release|Any CPU
		{C6B9F70C-AE48-453A-AC17-70F1B7648E14}.Debug|Any CPU.ActiveCfg = Debug|x86
		{C6B9F70C-AE48-453A-AC17-70F1B7648E14}.Debug|ARM.ActiveCfg = Debug|ARM
		{C6B9F70C-AE48-453A-AC17-70F1B7648E14}.Debug|ARM.Build.0 = Debug|ARM
		{C6B9F70C-AE48-453A-AC17-70F1B7648E14}.Debug|ARM.Deploy.0 = Debug|ARM
		{C6B9F70C-AE48-453A-AC17-70F1B7648E14}.Debug|ARM64.ActiveCfg = Debug|ARM64
		{C6B9F70C-AE48-453A-AC17-70F1B7648E14}.Debug|ARM64.Build.0 = Debug|ARM64
		{C6B9F70C-AE48-453A-AC17-70F1B7648E14}.Debug|ARM64.Deploy.0 = Debug|ARM64
		{C6B9F70C-AE48-453A-AC17-70F1B7648E14}.Debug|iPhone.ActiveCfg = Debug|x86
		{C6B9F70C-AE48-453A-AC17-70F1B7648E14}.Debug|iPhoneSimulator.ActiveCfg = Debug|x86
		{C6B9F70C-AE48-453A-AC17-70F1B7648E14}.Debug|x64.ActiveCfg = Debug|x64
		{C6B9F70C-AE48-453A-AC17-70F1B7648E14}.Debug|x64.Build.0 = Debug|x64
		{C6B9F70C-AE48-453A-AC17-70F1B7648E14}.Debug|x64.Deploy.0 = Debug|x64
		{C6B9F70C-AE48-453A-AC17-70F1B7648E14}.Debug|x86.ActiveCfg = Debug|x86
		{C6B9F70C-AE48-453A-AC17-70F1B7648E14}.Debug|x86.Build.0 = Debug|x86
		{C6B9F70C-AE48-453A-AC17-70F1B7648E14}.Debug|x86.Deploy.0 = Debug|x86
		{C6B9F70C-AE48-453A-AC17-70F1B7648E14}.Release|Any CPU.ActiveCfg = Release|x86
		{C6B9F70C-AE48-453A-AC17-70F1B7648E14}.Release|ARM.ActiveCfg = Release|ARM
		{C6B9F70C-AE48-453A-AC17-70F1B7648E14}.Release|ARM.Build.0 = Release|ARM
		{C6B9F70C-AE48-453A-AC17-70F1B7648E14}.Release|ARM.Deploy.0 = Release|ARM
		{C6B9F70C-AE48-453A-AC17-70F1B7648E14}.Release|ARM64.ActiveCfg = Release|ARM64
		{C6B9F70C-AE48-453A-AC17-70F1B7648E14}.Release|ARM64.Build.0 = Release|ARM64
		{C6B9F70C-AE48-453A-AC17-70F1B7648E14}.Release|ARM64.Deploy.0 = Release|ARM64
		{C6B9F70C-AE48-453A-AC17-70F1B7648E14}.Release|iPhone.ActiveCfg = Release|x86
		{C6B9F70C-AE48-453A-AC17-70F1B7648E14}.Release|iPhoneSimulator.ActiveCfg = Release|x86
		{C6B9F70C-AE48-453A-AC17-70F1B7648E14}.Release|x64.ActiveCfg = Release|x64
		{C6B9F70C-AE48-453A-AC17-70F1B7648E14}.Release|x64.Build.0 = Release|x64
		{C6B9F70C-AE48-453A-AC17-70F1B7648E14}.Release|x64.Deploy.0 = Release|x64
		{C6B9F70C-AE48-453A-AC17-70F1B7648E14}.Release|x86.ActiveCfg = Release|x86
		{C6B9F70C-AE48-453A-AC17-70F1B7648E14}.Release|x86.Build.0 = Release|x86
		{C6B9F70C-AE48-453A-AC17-70F1B7648E14}.Release|x86.Deploy.0 = Release|x86
	EndGlobalSection
	GlobalSection(SolutionProperties) = preSolution
		HideSolutionNode = FALSE
	EndGlobalSection
	GlobalSection(ExtensibilityGlobals) = postSolution
		SolutionGuid = {2E70DF66-7A64-4213-92FD-DCB9A70AE319}
	EndGlobalSection
EndGlobal
